
Microsoft Visual Studio Solution File, Format Version 12.00
# Visual Studio Version 17
VisualStudioVersion = 17.11.34909.67
MinimumVisualStudioVersion = 10.0.40219.1
Project("{FAE04EC0-301F-11D3-BF4B-00C04F79EFBC}") = "Foody.EntityLayer", "Foody.EntityLayer\Foody.EntityLayer.csproj", "{18AAB410-FC83-4E8E-837F-EC7583F9F6A8}"
EndProject
Project("{FAE04EC0-301F-11D3-BF4B-00C04F79EFBC}") = "Foody.DataAccessLayer", "Foody.DataAccessLayer\Foody.DataAccessLayer.csproj", "{AB8947C0-D4D0-4206-B5A2-6A3B2B5ACFD1}"
EndProject
Project("{FAE04EC0-301F-11D3-BF4B-00C04F79EFBC}") = "Foody.PresentationLayer", "Foody.PresentationLayer\Foody.PresentationLayer.csproj", "{821E5D01-4A67-45DA-9304-3AE0D40FFF75}"
EndProject
Global
	GlobalSection(SolutionConfigurationPlatforms) = preSolution
		Debug|Any CPU = Debug|Any CPU
		Release|Any CPU = Release|Any CPU
	EndGlobalSection
	GlobalSection(ProjectConfigurationPlatforms) = postSolution
		{18AAB410-FC83-4E8E-837F-EC7583F9F6A8}.Debug|Any CPU.ActiveCfg = Debug|Any CPU
		{18AAB410-FC83-4E8E-837F-EC7583F9F6A8}.Debug|Any CPU.Build.0 = Debug|Any CPU
		{18AAB410-FC83-4E8E-837F-EC7583F9F6A8}.Release|Any CPU.ActiveCfg = Release|Any CPU
		{18AAB410-FC83-4E8E-837F-EC7583F9F6A8}.Release|Any CPU.Build.0 = Release|Any CPU
		{AB8947C0-D4D0-4206-B5A2-6A3B2B5ACFD1}.Debug|Any CPU.ActiveCfg = Debug|Any CPU
		{AB8947C0-D4D0-4206-B5A2-6A3B2B5ACFD1}.Debug|Any CPU.Build.0 = Debug|Any CPU
		{AB8947C0-D4D0-4206-B5A2-6A3B2B5ACFD1}.Release|Any CPU.ActiveCfg = Release|Any CPU
		{AB8947C0-D4D0-4206-B5A2-6A3B2B5ACFD1}.Release|Any CPU.Build.0 = Release|Any CPU
		{821E5D01-4A67-45DA-9304-3AE0D40FFF75}.Debug|Any CPU.ActiveCfg = Debug|Any CPU
		{821E5D01-4A67-45DA-9304-3AE0D40FFF75}.Debug|Any CPU.Build.0 = Debug|Any CPU
		{821E5D01-4A67-45DA-9304-3AE0D40FFF75}.Release|Any CPU.ActiveCfg = Release|Any CPU
		{821E5D01-4A67-45DA-9304-3AE0D40FFF75}.Release|Any CPU.Build.0 = Release|Any CPU
	EndGlobalSection
	GlobalSection(SolutionProperties) = preSolution
		HideSolutionNode = FALSE
	EndGlobalSection
	GlobalSection(ExtensibilityGlobals) = postSolution
		SolutionGuid = {AEE0C193-3347-4D6E-8268-324BA764AA95}
	EndGlobalSection
EndGlobal
